
Microsoft Visual Studio Solution File, Format Version 12.00
# Visual Studio 2013
VisualStudioVersion = 12.0.21005.1
MinimumVisualStudioVersion = 10.0.40219.1
Project("{8BC9CEB8-8B4A-11D0-8D11-00A0C91BC942}") = "图像金字塔", "图像金字塔\图像金字塔.vcxproj", "{8801586B-C3D5-4749-B062-0CDF2554613F}"
EndProject
Global
	GlobalSection(SolutionConfigurationPlatforms) = preSolution
		Debug|Win32 = Debug|Win32
		Release|Win32 = Release|Win32
	EndGlobalSection
	GlobalSection(ProjectConfigurationPlatforms) = postSolution
		{8801586B-C3D5-4749-B062-0CDF2554613F}.Debug|Win32.ActiveCfg = Debug|Win32
		{8801586B-C3D5-4749-B062-0CDF2554613F}.Debug|Win32.Build.0 = Debug|Win32
		{8801586B-C3D5-4749-B062-0CDF2554613F}.Release|Win32.ActiveCfg = Release|Win32
		{8801586B-C3D5-4749-B062-0CDF2554613F}.Release|Win32.Build.0 = Release|Win32
	EndGlobalSection
	GlobalSection(SolutionProperties) = preSolution
		HideSolutionNode = FALSE
	EndGlobalSection
EndGlobal
